
Microsoft Visual Studio Solution File, Format Version 12.00
# Visual Studio Version 17
VisualStudioVersion = 17.12.35527.113 d17.12
MinimumVisualStudioVersion = 10.0.40219.1
Project("{FAE04EC0-301F-11D3-BF4B-00C04F79EFBC}") = "FIT_Timer.Data", "FIT_Timer\FIT_Timer.Data.csproj", "{C155B581-6D32-4947-9EE7-BBABEB821BD1}"
EndProject
Project("{FAE04EC0-301F-11D3-BF4B-00C04F79EFBC}") = "FIT_Tracker.Infrastructure", "FIT_Tracker.Infrastructure\FIT_Tracker.Infrastructure.csproj", "{65218354-5C69-442C-91F8-D23C21478A2D}"
EndProject
Project("{FAE04EC0-301F-11D3-BF4B-00C04F79EFBC}") = "FIT_Tracker.App", "FIT_Tracker.App\FIT_Tracker.App.csproj", "{AAC349D0-7133-47B3-9386-D903320BF328}"
EndProject
Global
	GlobalSection(SolutionConfigurationPlatforms) = preSolution
		Debug|Any CPU = Debug|Any CPU
		Release|Any CPU = Release|Any CPU
	EndGlobalSection
	GlobalSection(ProjectConfigurationPlatforms) = postSolution
		{C155B581-6D32-4947-9EE7-BBABEB821BD1}.Debug|Any CPU.ActiveCfg = Debug|Any CPU
		{C155B581-6D32-4947-9EE7-BBABEB821BD1}.Debug|Any CPU.Build.0 = Debug|Any CPU
		{C155B581-6D32-4947-9EE7-BBABEB821BD1}.Release|Any CPU.ActiveCfg = Release|Any CPU
		{C155B581-6D32-4947-9EE7-BBABEB821BD1}.Release|Any CPU.Build.0 = Release|Any CPU
		{65218354-5C69-442C-91F8-D23C21478A2D}.Debug|Any CPU.ActiveCfg = Debug|Any CPU
		{65218354-5C69-442C-91F8-D23C21478A2D}.Debug|Any CPU.Build.0 = Debug|Any CPU
		{65218354-5C69-442C-91F8-D23C21478A2D}.Release|Any CPU.ActiveCfg = Release|Any CPU
		{65218354-5C69-442C-91F8-D23C21478A2D}.Release|Any CPU.Build.0 = Release|Any CPU
		{AAC349D0-7133-47B3-9386-D903320BF328}.Debug|Any CPU.ActiveCfg = Debug|Any CPU
		{AAC349D0-7133-47B3-9386-D903320BF328}.Debug|Any CPU.Build.0 = Debug|Any CPU
		{AAC349D0-7133-47B3-9386-D903320BF328}.Release|Any CPU.ActiveCfg = Release|Any CPU
		{AAC349D0-7133-47B3-9386-D903320BF328}.Release|Any CPU.Build.0 = Release|Any CPU
	EndGlobalSection
	GlobalSection(SolutionProperties) = preSolution
		HideSolutionNode = FALSE
	EndGlobalSection
EndGlobal
